
Microsoft Visual Studio Solution File, Format Version 12.00
# Visual Studio 15
VisualStudioVersion = 15.0.28307.106
MinimumVisualStudioVersion = 10.0.40219.1
Project("{FAE04EC0-301F-11D3-BF4B-00C04F79EFBC}") = "Military", "Military\Military.csproj", "{764FE5D0-CAEA-4DFE-83E1-B1CF623D9D39}"
EndProject
Global
	GlobalSection(SolutionConfigurationPlatforms) = preSolution
		Debug|Any CPU = Debug|Any CPU
		Release|Any CPU = Release|Any CPU
	EndGlobalSection
	GlobalSection(ProjectConfigurationPlatforms) = postSolution
		{764FE5D0-CAEA-4DFE-83E1-B1CF623D9D39}.Debug|Any CPU.ActiveCfg = Debug|Any CPU
		{764FE5D0-CAEA-4DFE-83E1-B1CF623D9D39}.Debug|Any CPU.Build.0 = Debug|Any CPU
		{764FE5D0-CAEA-4DFE-83E1-B1CF623D9D39}.Release|Any CPU.ActiveCfg = Release|Any CPU
		{764FE5D0-CAEA-4DFE-83E1-B1CF623D9D39}.Release|Any CPU.Build.0 = Release|Any CPU
	EndGlobalSection
	GlobalSection(SolutionProperties) = preSolution
		HideSolutionNode = FALSE
	EndGlobalSection
	GlobalSection(ExtensibilityGlobals) = postSolution
		SolutionGuid = {34DAD7D2-EBAD-4DDA-9F5D-464DB1A43F91}
	EndGlobalSection
EndGlobal
